
Microsoft Visual Studio Solution File, Format Version 12.00
# Visual Studio Version 17
VisualStudioVersion = 17.3.32611.2
MinimumVisualStudioVersion = 10.0.40219.1
Project("{FAE04EC0-301F-11D3-BF4B-00C04F79EFBC}") = "TechnicalTest-Hampers.Api", "TechnicalTest-Hampers.Api.csproj", "{8CEB807C-5DB8-4CA5-9A3D-3FCD7F85F52B}"
EndProject
Global
	GlobalSection(SolutionConfigurationPlatforms) = preSolution
		Debug|Any CPU = Debug|Any CPU
		Release|Any CPU = Release|Any CPU
	EndGlobalSection
	GlobalSection(ProjectConfigurationPlatforms) = postSolution
		{8CEB807C-5DB8-4CA5-9A3D-3FCD7F85F52B}.Debug|Any CPU.ActiveCfg = Debug|Any CPU
		{8CEB807C-5DB8-4CA5-9A3D-3FCD7F85F52B}.Debug|Any CPU.Build.0 = Debug|Any CPU
		{8CEB807C-5DB8-4CA5-9A3D-3FCD7F85F52B}.Release|Any CPU.ActiveCfg = Release|Any CPU
		{8CEB807C-5DB8-4CA5-9A3D-3FCD7F85F52B}.Release|Any CPU.Build.0 = Release|Any CPU
	EndGlobalSection
	GlobalSection(SolutionProperties) = preSolution
		HideSolutionNode = FALSE
	EndGlobalSection
	GlobalSection(ExtensibilityGlobals) = postSolution
		SolutionGuid = {C3CD646C-0F2D-421A-A4CB-D0BD1E52307C}
	EndGlobalSection
EndGlobal
